<?xml version="1.0" encoding="utf-8"?>
<Project ToolsVersion="4.0" xmlns="http://schemas.microsoft.com/developer/msbuild/2003">
  <ItemGroup>
    <Filter Include="Source Files">
      <UniqueIdentifier>{4FC737F1-C7A5-4376-A066-2A32D752A2FF}</UniqueIdentifier>
      <Extensions>cpp;c;cc;cxx;c++;cppm;ixx;def;odl;idl;hpj;bat;asm;asmx</Extensions>
    </Filter>
    <Filter Include="Header Files">
      <UniqueIdentifier>{93995380-89BD-4b04-88EB-625FBE52EBFB}</UniqueIdentifier>
      <Extensions>h;hh;hpp;hxx;h++;hm;inl;inc;ipp;xsd</Extensions>
    </Filter>
    <Filter Include="Resource Files">
      <UniqueIdentifier>{67DA6AB6-F800-4c08-8B7A-83BB121AAD01}</UniqueIdentifier>
      <Extensions>rc;ico;cur;bmp;dlg;rc2;rct;bin;rgs;gif;jpg;jpeg;jpe;resx;tiff;tif;png;wav;mfcribbon-ms</Extensions>
    </Filter>
  </ItemGroup>
  <ItemGroup>
    <ClInclude Include="include\Option\OptionEnums.hpp">
      <Filter>Header Files</Filter>
    </ClInclude>
    <ClInclude Include="include\Core\MarketData.hpp">
      <Filter>Header Files</Filter>
    </ClInclude>
    <ClInclude Include="include\Core\MonteCarloResult.hpp">
      <Filter>Header Files</Filter>
    </ClInclude>
    <ClInclude Include="include\Core\Statistics.hpp">
      <Filter>Header Files</Filter>
    </ClInclude>
    <ClInclude Include="include\Core\RandomNumberGenerator.hpp">
      <Filter>Header Files</Filter>
    </ClInclude>
    <ClInclude Include="include\Option\Option.hpp">
      <Filter>Header Files</Filter>
    </ClInclude>
    <ClInclude Include="include\Option\EuropeanOption.hpp">
      <Filter>Header Files</Filter>
    </ClInclude>
    <ClInclude Include="include\Engine\PathGenerator.hpp">
      <Filter>Header Files</Filter>
    </ClInclude>
    <ClInclude Include="include\Engine\MonteCarloEngine.hpp">
      <Filter>Header Files</Filter>
    </ClInclude>
    <ClInclude Include="include\Utilities\ResultPrinter.hpp">
      <Filter>Header Files</Filter>
    </ClInclude>
    <ClInclude Include="include\Engine\BlackScholesAnalyticEngine.hpp">
      <Filter>Header Files</Filter>
    </ClInclude>
    <ClInclude Include="include\Utilities\TestPrinter.hpp">
      <Filter>Header Files</Filter>
    </ClInclude>
    <ClInclude Include="include\Option\BinaryOption.hpp">
      <Filter>Header Files</Filter>
    </ClInclude>
    <ClInclude Include="include\Option\AsianOption.hpp">
      <Filter>Header Files</Filter>
    </ClInclude>
    <ClInclude Include="include\Option\BarrierOption.hpp">
      <Filter>Header Files</Filter>
    </ClInclude>
    <ClInclude Include="include\Option\LookbackOption.hpp">
      <Filter>Header Files</Filter>
    </ClInclude>
  </ItemGroup>
  <ItemGroup>
    <ClCompile Include="src\Core\MarketData.cpp">
      <Filter>Source Files</Filter>
    </ClCompile>
    <ClCompile Include="src\Core\Statistics.cpp">
      <Filter>Source Files</Filter>
    </ClCompile>
    <ClCompile Include="src\Core\RandomNumberGenerator.cpp">
      <Filter>Source Files</Filter>
    </ClCompile>
    <ClCompile Include="src\Option\Option.cpp">
      <Filter>Source Files</Filter>
    </ClCompile>
    <ClCompile Include="src\Option\EuropeanOption.cpp">
      <Filter>Source Files</Filter>
    </ClCompile>
    <ClCompile Include="src\Engine\PathGenerator.cpp">
      <Filter>Source Files</Filter>
    </ClCompile>
    <ClCompile Include="src\Engine\MonteCarloEngine.cpp">
      <Filter>Source Files</Filter>
    </ClCompile>
    <ClCompile Include="examples\ExampleEuropean.cpp">
      <Filter>Source Files</Filter>
    </ClCompile>
    <ClCompile Include="src\Utilities\ResultPrinter.cpp">
      <Filter>Source Files</Filter>
    </ClCompile>
    <ClCompile Include="src\Engine\BlackScholesAnalyticEngine.cpp">
      <Filter>Source Files</Filter>
    </ClCompile>
    <ClCompile Include="tests\TestMonteCarloEngine.cpp">
      <Filter>Source Files</Filter>
    </ClCompile>
    <ClCompile Include="tests\TestEuropean.cpp">
      <Filter>Source Files</Filter>
    </ClCompile>
    <ClCompile Include="tests\TestBinary.cpp">
      <Filter>Source Files</Filter>
    </ClCompile>
    <ClCompile Include="tests\TestAsian.cpp">
      <Filter>Source Files</Filter>
    </ClCompile>
    <ClCompile Include="tests\TestBarrier.cpp">
      <Filter>Source Files</Filter>
    </ClCompile>
    <ClCompile Include="tests\TestLookback.cpp">
      <Filter>Source Files</Filter>
    </ClCompile>
    <ClCompile Include="src\Utilities\TestPrinter.cpp">
      <Filter>Source Files</Filter>
    </ClCompile>
    <ClCompile Include="examples\ExampleBinary.cpp">
      <Filter>Source Files</Filter>
    </ClCompile>
    <ClCompile Include="src\Option\BinaryOption.cpp">
      <Filter>Source Files</Filter>
    </ClCompile>
    <ClCompile Include="src\Option\AsianOption.cpp">
      <Filter>Source Files</Filter>
    </ClCompile>
    <ClCompile Include="examples\ExampleAsian.cpp">
      <Filter>Source Files</Filter>
    </ClCompile>
    <ClCompile Include="src\Option\BarrierOption.cpp">
      <Filter>Source Files</Filter>
    </ClCompile>
    <ClCompile Include="examples\ExampleBarrier.cpp">
      <Filter>Source Files</Filter>
    </ClCompile>
    <ClCompile Include="src\Option\LookbackOption.cpp">
      <Filter>Source Files</Filter>
    </ClCompile>
    <ClCompile Include="examples\ExampleLookback.cpp">
      <Filter>Source Files</Filter>
    </ClCompile>
    <ClCompile Include="examples\ExampleSimulationConvergence.cpp">
      <Filter>Source Files</Filter>
    </ClCompile>
    <ClCompile Include="examples\ExampleTimestepSensitivity.cpp">
      <Filter>Source Files</Filter>
    </ClCompile>
  </ItemGroup>
  <ItemGroup>
    <None Include="docs\Option_Products.md" />
    <None Include="README.md" />
    <None Include="docs\Monte_Carlo_Framework.md" />
    <None Include="docs\Validation_Testing_and_Numerical_Studies.md" />
  </ItemGroup>
</Project>